
Microsoft Visual Studio Solution File, Format Version 12.00
# Visual Studio Version 16
VisualStudioVersion = 16.0.31105.61
MinimumVisualStudioVersion = 10.0.40219.1
Project("{9A19103F-16F7-4668-BE54-9A1E7A4F7556}") = "Auctioneer", "Auctioneer.csproj", "{3B9D48D9-510C-453B-BA7B-4C8C2BDF6F69}"
EndProject
Project("{9A19103F-16F7-4668-BE54-9A1E7A4F7556}") = "Database", "..\Database\Database.csproj", "{6B715FC7-75F1-445B-8314-66E8C6AB6AFA}"
EndProject
Global
	GlobalSection(SolutionConfigurationPlatforms) = preSolution
		Debug|Any CPU = Debug|Any CPU
		Release|Any CPU = Release|Any CPU
	EndGlobalSection
	GlobalSection(ProjectConfigurationPlatforms) = postSolution
		{3B9D48D9-510C-453B-BA7B-4C8C2BDF6F69}.Debug|Any CPU.ActiveCfg = Debug|Any CPU
		{3B9D48D9-510C-453B-BA7B-4C8C2BDF6F69}.Debug|Any CPU.Build.0 = Debug|Any CPU
		{3B9D48D9-510C-453B-BA7B-4C8C2BDF6F69}.Release|Any CPU.ActiveCfg = Release|Any CPU
		{3B9D48D9-510C-453B-BA7B-4C8C2BDF6F69}.Release|Any CPU.Build.0 = Release|Any CPU
		{6B715FC7-75F1-445B-8314-66E8C6AB6AFA}.Debug|Any CPU.ActiveCfg = Debug|Any CPU
		{6B715FC7-75F1-445B-8314-66E8C6AB6AFA}.Debug|Any CPU.Build.0 = Debug|Any CPU
		{6B715FC7-75F1-445B-8314-66E8C6AB6AFA}.Release|Any CPU.ActiveCfg = Release|Any CPU
		{6B715FC7-75F1-445B-8314-66E8C6AB6AFA}.Release|Any CPU.Build.0 = Release|Any CPU
	EndGlobalSection
	GlobalSection(SolutionProperties) = preSolution
		HideSolutionNode = FALSE
	EndGlobalSection
	GlobalSection(ExtensibilityGlobals) = postSolution
		SolutionGuid = {AD71E68C-F3C8-42B0-817D-8D5D939C156F}
	EndGlobalSection
EndGlobal
